// !$*UTF8*$!
{
	archiveVersion = 1;
	classes = {
	};
	objectVersion = 77;
	objects = {

/* Begin PBXBuildFile section */
		314484C2910DD7AC21F7A587 /* ServerModel.swift in Sources */ = {isa = PBXBuildFile; fileRef = 820A1153E745C2AE65041641 /* ServerModel.swift */; };
		56165F3C5D52E1B721917901 /* Assets.xcassets in Resources */ = {isa = PBXBuildFile; fileRef = 013279EF4286904DB0CBCA9A /* Assets.xcassets */; };
		C35A254A4194EB646B460527 /* WebContainer.swift in Sources */ = {isa = PBXBuildFile; fileRef = 681869F44E55E81EF59E2782 /* WebContainer.swift */; };
		CC8BE70D5E08EC8E5FDF2A14 /* EInheritApp.swift in Sources */ = {isa = PBXBuildFile; fileRef = E4E57BC2810BA92814DA83AF /* EInheritApp.swift */; };
		D78276A9B0A4FD0EE879C249 /* ContentView.swift in Sources */ = {isa = PBXBuildFile; fileRef = 97017A353D53E60FC2DBF62C /* ContentView.swift */; };
/* End PBXBuildFile section */

/* Begin PBXFileReference section */
		013279EF4286904DB0CBCA9A /* Assets.xcassets */ = {isa = PBXFileReference; lastKnownFileType = folder.assetcatalog; path = Assets.xcassets; sourceTree = "<group>"; };
		681869F44E55E81EF59E2782 /* WebContainer.swift */ = {isa = PBXFileReference; lastKnownFileType = sourcecode.swift; path = WebContainer.swift; sourceTree = "<group>"; };
		820A1153E745C2AE65041641 /* ServerModel.swift */ = {isa = PBXFileReference; lastKnownFileType = sourcecode.swift; path = ServerModel.swift; sourceTree = "<group>"; };
		97017A353D53E60FC2DBF62C /* ContentView.swift */ = {isa = PBXFileReference; lastKnownFileType = sourcecode.swift; path = ContentView.swift; sourceTree = "<group>"; };
		D7A200AEA03249036B4AC2DB /* EInherit.app */ = {isa = PBXFileReference; includeInIndex = 0; lastKnownFileType = wrapper.application; path = EInherit.app; sourceTree = BUILT_PRODUCTS_DIR; };
		E4E57BC2810BA92814DA83AF /* EInheritApp.swift */ = {isa = PBXFileReference; lastKnownFileType = sourcecode.swift; path = EInheritApp.swift; sourceTree = "<group>"; };
/* End PBXFileReference section */

/* Begin PBXGroup section */
		0FC26DB4B50EE9AD4D5C7707 /* EInherit */ = {
			isa = PBXGroup;
			children = (
				013279EF4286904DB0CBCA9A /* Assets.xcassets */,
				97017A353D53E60FC2DBF62C /* ContentView.swift */,
				E4E57BC2810BA92814DA83AF /* EInheritApp.swift */,
				820A1153E745C2AE65041641 /* ServerModel.swift */,
				681869F44E55E81EF59E2782 /* WebContainer.swift */,
			);
			path = EInherit;
			sourceTree = "<group>";
		};
		412E700A9CE84F109962E446 /* Products */ = {
			isa = PBXGroup;
			children = (
				D7A200AEA03249036B4AC2DB /* EInherit.app */,
			);
			name = Products;
			sourceTree = "<group>";
		};
		D55447DA9F79EE3ECEFE8CD8 = {
			isa = PBXGroup;
			children = (
				0FC26DB4B50EE9AD4D5C7707 /* EInherit */,
				412E700A9CE84F109962E446 /* Products */,
			);
			sourceTree = "<group>";
		};
/* End PBXGroup section */

/* Begin PBXNativeTarget section */
		BEF0D0B75B6FEEC4C965C448 /* EInherit */ = {
			isa = PBXNativeTarget;
			buildConfigurationList = 8B30490AB95CA0A080B7B723 /* Build configuration list for PBXNativeTarget "EInherit" */;
			buildPhases = (
				715476CE50927549966FC59F /* Sources */,
				B4D3AA76DF4EF6F02CF93DDF /* Resources */,
			);
			buildRules = (
			);
			dependencies = (
			);
			name = EInherit;
			packageProductDependencies = (
			);
			productName = EInherit;
			productReference = D7A200AEA03249036B4AC2DB /* EInherit.app */;
			productType = "com.apple.product-type.application";
		};
/* End PBXNativeTarget section */

/* Begin PBXProject section */
		B94A6256EC29A7E06BDB6C41 /* Project object */ = {
			isa = PBXProject;
			attributes = {
				BuildIndependentTargetsInParallel = YES;
				LastUpgradeCheck = 1430;
				TargetAttributes = {
					BEF0D0B75B6FEEC4C965C448 = {
						DevelopmentTeam = 8P45W5X9HY;
						ProvisioningStyle = Automatic;
					};
				};
			};
			buildConfigurationList = 13FB4814E957E0434394381B /* Build configuration list for PBXProject "EInherit" */;
			developmentRegion = en;
			hasScannedForEncodings = 0;
			knownRegions = (
				Base,
				en,
			);
			mainGroup = D55447DA9F79EE3ECEFE8CD8;
			minimizedProjectReferenceProxies = 1;
			preferredProjectObjectVersion = 77;
			productRefGroup = 412E700A9CE84F109962E446 /* Products */;
			projectDirPath = "";
			projectRoot = "";
			targets = (
				BEF0D0B75B6FEEC4C965C448 /* EInherit */,
			);
		};
/* End PBXProject section */

/* Begin PBXResourcesBuildPhase section */
		B4D3AA76DF4EF6F02CF93DDF /* Resources */ = {
			isa = PBXResourcesBuildPhase;
			buildActionMask = 2147483647;
			files = (
				56165F3C5D52E1B721917901 /* Assets.xcassets in Resources */,
			);
			runOnlyForDeploymentPostprocessing = 0;
		};
/* End PBXResourcesBuildPhase section */

/* Begin PBXSourcesBuildPhase section */
		715476CE50927549966FC59F /* Sources */ = {
			isa = PBXSourcesBuildPhase;
			buildActionMask = 2147483647;
			files = (
				D78276A9B0A4FD0EE879C249 /* ContentView.swift in Sources */,
				CC8BE70D5E08EC8E5FDF2A14 /* EInheritApp.swift in Sources */,
				314484C2910DD7AC21F7A587 /* ServerModel.swift in Sources */,
				C35A254A4194EB646B460527 /* WebContainer.swift in Sources */,
			);
			runOnlyForDeploymentPostprocessing = 0;
		};
/* End PBXSourcesBuildPhase section */

/* Begin XCBuildConfiguration section */
		1128F0A83DAF253DF9B50AA6 /* Debug */ = {
			isa = XCBuildConfiguration;
			buildSettings = {
				ALWAYS_SEARCH_USER_PATHS = NO;
				CLANG_ANALYZER_NONNULL = YES;
				CLANG_ANALYZER_NUMBER_OBJECT_CONVERSION = YES_AGGRESSIVE;
				CLANG_CXX_LANGUAGE_STANDARD = "gnu++14";
				CLANG_CXX_LIBRARY = "libc++";
				CLANG_ENABLE_MODULES = YES;
				CLANG_ENABLE_OBJC_ARC = YES;
				CLANG_ENABLE_OBJC_WEAK = YES;
				CLANG_WARN_BLOCK_CAPTURE_AUTORELEASING = YES;
				CLANG_WARN_BOOL_CONVERSION = YES;
				CLANG_WARN_COMMA = YES;
				CLANG_WARN_CONSTANT_CONVERSION = YES;
				CLANG_WARN_DEPRECATED_OBJC_IMPLEMENTATIONS = YES;
				CLANG_WARN_DIRECT_OBJC_ISA_USAGE = YES_ERROR;
				CLANG_WARN_DOCUMENTATION_COMMENTS = YES;
				CLANG_WARN_EMPTY_BODY = YES;
				CLANG_WARN_ENUM_CONVERSION = YES;
				CLANG_WARN_INFINITE_RECURSION = YES;
				CLANG_WARN_INT_CONVERSION = YES;
				CLANG_WARN_NON_LITERAL_NULL_CONVERSION = YES;
				CLANG_WARN_OBJC_IMPLICIT_RETAIN_SELF = YES;
				CLANG_WARN_OBJC_LITERAL_CONVERSION = YES;
				CLANG_WARN_OBJC_ROOT_CLASS = YES_ERROR;
				CLANG_WARN_QUOTED_INCLUDE_IN_FRAMEWORK_HEADER = YES;
				CLANG_WARN_RANGE_LOOP_ANALYSIS = YES;
				CLANG_WARN_STRICT_PROTOTYPES = YES;
				CLANG_WARN_SUSPICIOUS_MOVE = YES;
				CLANG_WARN_UNGUARDED_AVAILABILITY = YES_AGGRESSIVE;
				CLANG_WARN_UNREACHABLE_CODE = YES;
				CLANG_WARN__DUPLICATE_METHOD_MATCH = YES;
				COPY_PHASE_STRIP = NO;
				DEBUG_INFORMATION_FORMAT = dwarf;
				ENABLE_STRICT_OBJC_MSGSEND = YES;
				ENABLE_TESTABILITY = YES;
				GCC_C_LANGUAGE_STANDARD = gnu11;
				GCC_DYNAMIC_NO_PIC = NO;
				GCC_NO_COMMON_BLOCKS = YES;
				GCC_OPTIMIZATION_LEVEL = 0;
				GCC_PREPROCESSOR_DEFINITIONS = (
					"$(inherited)",
					"DEBUG=1",
				);
				GCC_WARN_64_TO_32_BIT_CONVERSION = YES;
				GCC_WARN_ABOUT_RETURN_TYPE = YES_ERROR;
				GCC_WARN_UNDECLARED_SELECTOR = YES;
				GCC_WARN_UNINITIALIZED_AUTOS = YES_AGGRESSIVE;
				GCC_WARN_UNUSED_FUNCTION = YES;
				GCC_WARN_UNUSED_VARIABLE = YES;
				IPHONEOS_DEPLOYMENT_TARGET = 17.0;
				MTL_ENABLE_DEBUG_INFO = INCLUDE_SOURCE;
				MTL_FAST_MATH = YES;
				ONLY_ACTIVE_ARCH = YES;
				PRODUCT_NAME = "$(TARGET_NAME)";
				SDKROOT = iphoneos;
				SWIFT_ACTIVE_COMPILATION_CONDITIONS = DEBUG;
				SWIFT_OPTIMIZATION_LEVEL = "-Onone";
				SWIFT_VERSION = 5.10;
				TARGETED_DEVICE_FAMILY = 1;
			};
			name = Debug;
		};
		89C7767710A0B1519688CCFD /* Debug */ = {
			isa = XCBuildConfiguration;
			buildSettings = {
				ASSETCATALOG_COMPILER_APPICON_NAME = AppIcon;
				CODE_SIGN_IDENTITY = "iPhone Developer";
				CODE_SIGN_STYLE = Automatic;
				CURRENT_PROJECT_VERSION = 1;
				DEVELOPMENT_TEAM = 8P45W5X9HY;
				GENERATE_INFOPLIST_FILE = NO;
				INFOPLIST_FILE = EInherit/Info.plist;
				LD_RUNPATH_SEARCH_PATHS = (
					"$(inherited)",
					"@executable_path/Frameworks",
				);
				MARKETING_VERSION = 1.0.0;
				PRODUCT_BUNDLE_IDENTIFIER = com.zzjt.einherit;
				PRODUCT_NAME = EInherit;
				SDKROOT = iphoneos;
				TARGETED_DEVICE_FAMILY = "1,2";
			};
			name = Debug;
		};
		B2ED945D189E8B47A19873DD /* Release */ = {
			isa = XCBuildConfiguration;
			buildSettings = {
				ALWAYS_SEARCH_USER_PATHS = NO;
				CLANG_ANALYZER_NONNULL = YES;
				CLANG_ANALYZER_NUMBER_OBJECT_CONVERSION = YES_AGGRESSIVE;
				CLANG_CXX_LANGUAGE_STANDARD = "gnu++14";
				CLANG_CXX_LIBRARY = "libc++";
				CLANG_ENABLE_MODULES = YES;
				CLANG_ENABLE_OBJC_ARC = YES;
				CLANG_ENABLE_OBJC_WEAK = YES;
				CLANG_WARN_BLOCK_CAPTURE_AUTORELEASING = YES;
				CLANG_WARN_BOOL_CONVERSION = YES;
				CLANG_WARN_COMMA = YES;
				CLANG_WARN_CONSTANT_CONVERSION = YES;
				CLANG_WARN_DEPRECATED_OBJC_IMPLEMENTATIONS = YES;
				CLANG_WARN_DIRECT_OBJC_ISA_USAGE = YES_ERROR;
				CLANG_WARN_DOCUMENTATION_COMMENTS = YES;
				CLANG_WARN_EMPTY_BODY = YES;
				CLANG_WARN_ENUM_CONVERSION = YES;
				CLANG_WARN_INFINITE_RECURSION = YES;
				CLANG_WARN_INT_CONVERSION = YES;
				CLANG_WARN_NON_LITERAL_NULL_CONVERSION = YES;
				CLANG_WARN_OBJC_IMPLICIT_RETAIN_SELF = YES;
				CLANG_WARN_OBJC_LITERAL_CONVERSION = YES;
				CLANG_WARN_OBJC_ROOT_CLASS = YES_ERROR;
				CLANG_WARN_QUOTED_INCLUDE_IN_FRAMEWORK_HEADER = YES;
				CLANG_WARN_RANGE_LOOP_ANALYSIS = YES;
				CLANG_WARN_STRICT_PROTOTYPES = YES;
				CLANG_WARN_SUSPICIOUS_MOVE = YES;
				CLANG_WARN_UNGUARDED_AVAILABILITY = YES_AGGRESSIVE;
				CLANG_WARN_UNREACHABLE_CODE = YES;
				CLANG_WARN__DUPLICATE_METHOD_MATCH = YES;
				COPY_PHASE_STRIP = NO;
				DEBUG_INFORMATION_FORMAT = "dwarf-with-dsym";
				ENABLE_NS_ASSERTIONS = NO;
				ENABLE_STRICT_OBJC_MSGSEND = YES;
				GCC_C_LANGUAGE_STANDARD = gnu11;
				GCC_NO_COMMON_BLOCKS = YES;
				GCC_WARN_64_TO_32_BIT_CONVERSION = YES;
				GCC_WARN_ABOUT_RETURN_TYPE = YES_ERROR;
				GCC_WARN_UNDECLARED_SELECTOR = YES;
				GCC_WARN_UNINITIALIZED_AUTOS = YES_AGGRESSIVE;
				GCC_WARN_UNUSED_FUNCTION = YES;
				GCC_WARN_UNUSED_VARIABLE = YES;
				IPHONEOS_DEPLOYMENT_TARGET = 17.0;
				MTL_ENABLE_DEBUG_INFO = NO;
				MTL_FAST_MATH = YES;
				PRODUCT_NAME = "$(TARGET_NAME)";
				SDKROOT = iphoneos;
				SWIFT_COMPILATION_MODE = wholemodule;
				SWIFT_OPTIMIZATION_LEVEL = "-O";
				SWIFT_VERSION = 5.10;
				TARGETED_DEVICE_FAMILY = 1;
			};
			name = Release;
		};
		BB9EC5F62FF11CBD3BE0AA9F /* Release */ = {
			isa = XCBuildConfiguration;
			buildSettings = {
				ASSETCATALOG_COMPILER_APPICON_NAME = AppIcon;
				CODE_SIGN_IDENTITY = "iPhone Developer";
				CODE_SIGN_STYLE = Automatic;
				CURRENT_PROJECT_VERSION = 1;
				DEVELOPMENT_TEAM = 8P45W5X9HY;
				GENERATE_INFOPLIST_FILE = NO;
				INFOPLIST_FILE = EInherit/Info.plist;
				LD_RUNPATH_SEARCH_PATHS = (
					"$(inherited)",
					"@executable_path/Frameworks",
				);
				MARKETING_VERSION = 1.0.0;
				PRODUCT_BUNDLE_IDENTIFIER = com.zzjt.einherit;
				PRODUCT_NAME = EInherit;
				SDKROOT = iphoneos;
				TARGETED_DEVICE_FAMILY = "1,2";
			};
			name = Release;
		};
/* End XCBuildConfiguration section */

/* Begin XCConfigurationList section */
		13FB4814E957E0434394381B /* Build configuration list for PBXProject "EInherit" */ = {
			isa = XCConfigurationList;
			buildConfigurations = (
				1128F0A83DAF253DF9B50AA6 /* Debug */,
				B2ED945D189E8B47A19873DD /* Release */,
			);
			defaultConfigurationIsVisible = 0;
			defaultConfigurationName = Debug;
		};
		8B30490AB95CA0A080B7B723 /* Build configuration list for PBXNativeTarget "EInherit" */ = {
			isa = XCConfigurationList;
			buildConfigurations = (
				89C7767710A0B1519688CCFD /* Debug */,
				BB9EC5F62FF11CBD3BE0AA9F /* Release */,
			);
			defaultConfigurationIsVisible = 0;
			defaultConfigurationName = Debug;
		};
/* End XCConfigurationList section */
	};
	rootObject = B94A6256EC29A7E06BDB6C41 /* Project object */;
}
